
Microsoft Visual Studio Solution File, Format Version 12.00
# Visual Studio 15
VisualStudioVersion = 15.0.26430.6
MinimumVisualStudioVersion = 10.0.40219.1
Project("{FAE04EC0-301F-11D3-BF4B-00C04F79EFBC}") = "SibcoinNet", "SibcoinNet\SibcoinNet.csproj", "{7A8B2572-22F2-4879-A47C-199DEF1E5656}"
EndProject
Project("{FAE04EC0-301F-11D3-BF4B-00C04F79EFBC}") = "ConsoleSibcoinTest", "ConsoleSibcoinTest\ConsoleSibcoinTest.csproj", "{D4A86DCD-3C09-4D9A-BE75-A9FEB98DABE3}"
EndProject
Global
	GlobalSection(SolutionConfigurationPlatforms) = preSolution
		Debug|Any CPU = Debug|Any CPU
		Release|Any CPU = Release|Any CPU
	EndGlobalSection
	GlobalSection(ProjectConfigurationPlatforms) = postSolution
		{7A8B2572-22F2-4879-A47C-199DEF1E5656}.Debug|Any CPU.ActiveCfg = Debug|Any CPU
		{7A8B2572-22F2-4879-A47C-199DEF1E5656}.Debug|Any CPU.Build.0 = Debug|Any CPU
		{7A8B2572-22F2-4879-A47C-199DEF1E5656}.Release|Any CPU.ActiveCfg = Release|Any CPU
		{7A8B2572-22F2-4879-A47C-199DEF1E5656}.Release|Any CPU.Build.0 = Release|Any CPU
		{D4A86DCD-3C09-4D9A-BE75-A9FEB98DABE3}.Debug|Any CPU.ActiveCfg = Debug|Any CPU
		{D4A86DCD-3C09-4D9A-BE75-A9FEB98DABE3}.Debug|Any CPU.Build.0 = Debug|Any CPU
		{D4A86DCD-3C09-4D9A-BE75-A9FEB98DABE3}.Release|Any CPU.ActiveCfg = Release|Any CPU
		{D4A86DCD-3C09-4D9A-BE75-A9FEB98DABE3}.Release|Any CPU.Build.0 = Release|Any CPU
	EndGlobalSection
	GlobalSection(SolutionProperties) = preSolution
		HideSolutionNode = FALSE
	EndGlobalSection
EndGlobal
